<?xml version="1.0" encoding="utf-8"?>
<Project ToolsVersion="4.0" xmlns="http://schemas.microsoft.com/developer/msbuild/2003">
  <ItemGroup>
    <ClCompile Include="DirectInput.cpp">
      <Filter>00_Code\01_Input</Filter>
    </ClCompile>
    <ClCompile Include="input.cpp">
      <Filter>00_Code\01_Input</Filter>
    </ClCompile>
    <ClCompile Include="inputjoypad.cpp">
      <Filter>00_Code\01_Input</Filter>
    </ClCompile>
    <ClCompile Include="inputkeyboard.cpp">
      <Filter>00_Code\01_Input</Filter>
    </ClCompile>
    <ClCompile Include="gimmick.cpp">
      <Filter>00_Code\02_Object\01_3D\01_Gimmick</Filter>
    </ClCompile>
    <ClCompile Include="obstacle.cpp">
      <Filter>00_Code\02_Object\01_3D\01_Gimmick</Filter>
    </ClCompile>
    <ClCompile Include="application.cpp">
      <Filter>00_Code\00_Main\00_Main</Filter>
    </ClCompile>
    <ClCompile Include="fade.cpp">
      <Filter>00_Code\00_Main\01_Mode</Filter>
    </ClCompile>
    <ClCompile Include="file.cpp">
      <Filter>00_Code\00_Main\02_OutSide</Filter>
    </ClCompile>
    <ClCompile Include="texture.cpp">
      <Filter>00_Code\00_Main\02_OutSide</Filter>
    </ClCompile>
    <ClCompile Include="mode.cpp">
      <Filter>00_Code\00_Main\01_Mode</Filter>
    </ClCompile>
    <ClCompile Include="game.cpp">
      <Filter>00_Code\00_Main\01_Mode</Filter>
    </ClCompile>
    <ClCompile Include="light.cpp">
      <Filter>00_Code\00_Main\03_3D</Filter>
    </ClCompile>
    <ClCompile Include="file.cpp">
      <Filter>00_Code\00_Main</Filter>
    </ClCompile>
    <ClCompile Include="texture.cpp">
      <Filter>00_Code\00_Main</Filter>
    </ClCompile>
    <ClCompile Include="title.cpp">
      <Filter>00_Code\00_Main\01_Mode\01_TITLE</Filter>
    </ClCompile>
    <ClCompile Include="load_stage.cpp">
      <Filter>00_Code\00_Main\02_OutSide</Filter>
    </ClCompile>
    <ClCompile Include="renderer.cpp">
      <Filter>00_Code\00_Main\00_Main</Filter>
    </ClCompile>
    <ClCompile Include="application.cpp">
      <Filter>00_Code\00_Main\00_Main</Filter>
    </ClCompile>
    <ClCompile Include="main.cpp">
      <Filter>00_Code\00_Main\00_Main</Filter>
    </ClCompile>
    <ClCompile Include="objectX_group.cpp">
      <Filter>00_Code\00_Main\02_OutSide</Filter>
    </ClCompile>
    <ClCompile Include="mode.cpp">
      <Filter>00_Code\00_Main\01_Mode</Filter>
    </ClCompile>
    <ClCompile Include="game.cpp">
      <Filter>00_Code\00_Main\01_Mode</Filter>
    </ClCompile>
    <ClCompile Include="fade.cpp">
      <Filter>00_Code\00_Main\01_Mode</Filter>
    </ClCompile>
    <ClCompile Include="title.cpp">
      <Filter>00_Code\00_Main\01_Mode</Filter>
    </ClCompile>
    <ClCompile Include="camera.cpp">
      <Filter>00_Code\00_Main\03_3D</Filter>
    </ClCompile>
    <ClCompile Include="light.cpp">
      <Filter>00_Code\00_Main\03_3D</Filter>
    </ClCompile>
    <ClCompile Include="precompile.cpp">
      <Filter>00_Code</Filter>
    </ClCompile>
    <ClCompile Include="object.cpp">
      <Filter>00_Code\02_Object</Filter>
    </ClCompile>
    <ClCompile Include="number.cpp">
      <Filter>00_Code\02_Object\00_2D</Filter>
    </ClCompile>
    <ClCompile Include="time.cpp">
      <Filter>00_Code\02_Object\00_2D</Filter>
    </ClCompile>
    <ClCompile Include="object2D.cpp">
      <Filter>00_Code\02_Object\00_2D\00_Main</Filter>
    </ClCompile>
    <ClCompile Include="billboard.cpp">
      <Filter>00_Code\02_Object\01_3D\00_Main</Filter>
    </ClCompile>
    <ClCompile Include="meshfield.cpp">
      <Filter>00_Code\02_Object\01_3D\00_Main</Filter>
    </ClCompile>
    <ClCompile Include="model.cpp">
      <Filter>00_Code\02_Object\01_3D\00_Main</Filter>
    </ClCompile>
    <ClCompile Include="title_menu.cpp">
      <Filter>00_Code\00_Main\01_Mode\01_TITLE</Filter>
    </ClCompile>
    <ClCompile Include="object3D.cpp">
      <Filter>00_Code\02_Object\01_3D\00_Main</Filter>
    </ClCompile>
    <ClCompile Include="objectX.cpp">
      <Filter>00_Code\02_Object\01_3D\00_Main</Filter>
    </ClCompile>
    <ClCompile Include="particle.cpp">
      <Filter>00_Code\02_Object\01_3D</Filter>
    </ClCompile>
    <ClCompile Include="shadow.cpp">
      <Filter>00_Code\02_Object\01_3D</Filter>
    </ClCompile>
    <ClCompile Include="player.cpp">
      <Filter>00_Code\02_Object\01_3D</Filter>
    </ClCompile>
    <ClCompile Include="barrage_move_wall.cpp">
      <Filter>00_Code\02_Object\01_3D\01_Gimmick</Filter>
    </ClCompile>
    <ClCompile Include="camera.cpp">
      <Filter>00_Code\00_Main\03_3D</Filter>
    </ClCompile>
    <ClCompile Include="motion.cpp">
      <Filter>00_Code\02_Object\01_3D\00_Main\00_Motion</Filter>
    </ClCompile>
    <ClCompile Include="motion_model3D.cpp">
      <Filter>00_Code\02_Object\01_3D\00_Main\00_Motion</Filter>
    </ClCompile>
    <ClCompile Include="parts.cpp">
      <Filter>00_Code\02_Object\01_3D\00_Main\00_Motion</Filter>
    </ClCompile>
    <ClCompile Include="time.cpp">
      <Filter>00_Code\02_Object\00_2D</Filter>
    </ClCompile>
    <ClCompile Include="alternate_move_wall.cpp">
      <Filter>00_Code\02_Object\01_3D\01_Gimmick</Filter>
    </ClCompile>
    <ClCompile Include="ranking.cpp">
      <Filter>00_Code\00_Main\01_Mode\02_RANKING</Filter>
    </ClCompile>
    <ClCompile Include="ranking_rogo.cpp">
      <Filter>00_Code\00_Main\01_Mode\02_RANKING</Filter>
    </ClCompile>
    <ClCompile Include="push_move_wall.cpp" />
    <ClCompile Include="pause.cpp">
      <Filter>00_Code\00_Main\01_Mode\00_PAUSE</Filter>
    </ClCompile>
    <ClCompile Include="pause_logo.cpp">
      <Filter>00_Code\00_Main\01_Mode\00_PAUSE</Filter>
    </ClCompile>
    <ClCompile Include="tutorial.cpp" />
    <ClCompile Include="title_logo.cpp">
      <Filter>00_Code\00_Main\01_Mode\01_TITLE</Filter>
    </ClCompile>
    <ClCompile Include="pause_quit.cpp">
      <Filter>00_Code\00_Main\01_Mode\00_PAUSE</Filter>
    </ClCompile>
    <ClCompile Include="pause_menu.cpp">
      <Filter>00_Code\00_Main\01_Mode\00_PAUSE</Filter>
    </ClCompile>
  </ItemGroup>
  <ItemGroup>
    <ClInclude Include="DirectInput.h">
      <Filter>00_Code\01_Input</Filter>
    </ClInclude>
    <ClInclude Include="input.h">
      <Filter>00_Code\01_Input</Filter>
    </ClInclude>
    <ClInclude Include="inputjoypad.h">
      <Filter>00_Code\01_Input</Filter>
    </ClInclude>
    <ClInclude Include="inputkeyboard.h">
      <Filter>00_Code\01_Input</Filter>
    </ClInclude>
    <ClInclude Include="inputkeydata.h">
      <Filter>00_Code\01_Input</Filter>
    </ClInclude>
    <ClInclude Include="gimmick.h">
      <Filter>00_Code\02_Object\01_3D\01_Gimmick</Filter>
    </ClInclude>
    <ClInclude Include="obstacle.h">
      <Filter>00_Code\02_Object\01_3D\01_Gimmick</Filter>
    </ClInclude>
    <ClInclude Include="application.h">
      <Filter>00_Code\00_Main\00_Main</Filter>
    </ClInclude>
    <ClInclude Include="fade.h">
      <Filter>00_Code\00_Main\01_Mode</Filter>
    </ClInclude>
    <ClInclude Include="file.h">
      <Filter>00_Code\00_Main\02_OutSide</Filter>
    </ClInclude>
    <ClInclude Include="renderer.h">
      <Filter>00_Code\00_Main\00_Main</Filter>
    </ClInclude>
    <ClInclude Include="texture.h">
      <Filter>00_Code\00_Main\02_OutSide</Filter>
    </ClInclude>
    <ClInclude Include="mode.h">
      <Filter>00_Code\00_Main\01_Mode</Filter>
    </ClInclude>
    <ClInclude Include="game.h">
      <Filter>00_Code\00_Main\01_Mode</Filter>
    </ClInclude>
    <ClInclude Include="light.h">
      <Filter>00_Code\00_Main\03_3D</Filter>
    </ClInclude>
    <ClInclude Include="file.h">
      <Filter>00_Code\00_Main</Filter>
    </ClInclude>
    <ClInclude Include="title.h">
      <Filter>00_Code\00_Main\01_Mode\01_TITLE</Filter>
    </ClInclude>
    <ClInclude Include="load_stage.h">
      <Filter>00_Code\00_Main\02_OutSide</Filter>
    </ClInclude>
    <ClInclude Include="application.h">
      <Filter>00_Code\00_Main\00_Main</Filter>
    </ClInclude>
    <ClInclude Include="main.h">
      <Filter>00_Code\00_Main\00_Main</Filter>
    </ClInclude>
    <ClInclude Include="objectX_group.h">
      <Filter>00_Code\00_Main\02_OutSide</Filter>
    </ClInclude>
    <ClInclude Include="mode.h">
      <Filter>00_Code\00_Main\01_Mode</Filter>
    </ClInclude>
    <ClInclude Include="game.h">
      <Filter>00_Code\00_Main\01_Mode</Filter>
    </ClInclude>
    <ClInclude Include="fade.h">
      <Filter>00_Code\00_Main\01_Mode</Filter>
    </ClInclude>
    <ClInclude Include="title.h">
      <Filter>00_Code\00_Main\01_Mode</Filter>
    </ClInclude>
    <ClInclude Include="camera.h">
      <Filter>00_Code\00_Main\03_3D</Filter>
    </ClInclude>
    <ClInclude Include="light.h">
      <Filter>00_Code\00_Main\03_3D</Filter>
    </ClInclude>
    <ClInclude Include="precompile.h">
      <Filter>00_Code</Filter>
    </ClInclude>
    <ClInclude Include="object.h">
      <Filter>00_Code\02_Object</Filter>
    </ClInclude>
    <ClInclude Include="number.h">
      <Filter>00_Code\02_Object\00_2D</Filter>
    </ClInclude>
    <ClInclude Include="time.h">
      <Filter>00_Code\02_Object\00_2D</Filter>
    </ClInclude>
    <ClInclude Include="object2D.h">
      <Filter>00_Code\02_Object\00_2D\00_Main</Filter>
    </ClInclude>
    <ClInclude Include="billboard.h">
      <Filter>00_Code\02_Object\01_3D\00_Main</Filter>
    </ClInclude>
    <ClInclude Include="meshfield.h">
      <Filter>00_Code\02_Object\01_3D\00_Main</Filter>
    </ClInclude>
    <ClInclude Include="model.h">
      <Filter>00_Code\02_Object\01_3D\00_Main</Filter>
    </ClInclude>
    <ClInclude Include="billboard.h">
      <Filter>00_Code\02_Object\00_Main</Filter>
    </ClInclude>
    <ClInclude Include="title_menu.h">
      <Filter>00_Code\00_Main\01_Mode\01_TITLE</Filter>
    </ClInclude>
    <ClInclude Include="object3D.h">
      <Filter>00_Code\02_Object\01_3D\00_Main</Filter>
    </ClInclude>
    <ClInclude Include="objectX.h">
      <Filter>00_Code\02_Object\01_3D\00_Main</Filter>
    </ClInclude>
    <ClInclude Include="particle.h">
      <Filter>00_Code\02_Object\01_3D</Filter>
    </ClInclude>
    <ClInclude Include="shadow.h">
      <Filter>00_Code\02_Object\01_3D</Filter>
    </ClInclude>
    <ClInclude Include="player.h">
      <Filter>00_Code\02_Object\01_3D</Filter>
    </ClInclude>
    <ClInclude Include="barrage_move_wall.h">
      <Filter>00_Code\02_Object\01_3D\01_Gimmick</Filter>
    </ClInclude>
    <ClInclude Include="camera.h">
      <Filter>00_Code\00_Main\03_3D</Filter>
    </ClInclude>
    <ClInclude Include="motion.h">
      <Filter>00_Code\02_Object\01_3D\00_Main\00_Motion</Filter>
    </ClInclude>
    <ClInclude Include="motion_model3D.h">
      <Filter>00_Code\02_Object\01_3D\00_Main\00_Motion</Filter>
    </ClInclude>
    <ClInclude Include="parts.h">
      <Filter>00_Code\02_Object\01_3D\00_Main\00_Motion</Filter>
    </ClInclude>
    <ClInclude Include="model.h">
      <Filter>00_Code\02_Object\01_3D\00_Main</Filter>
    </ClInclude>
    <ClInclude Include="number.h">
      <Filter>00_Code\02_Object\00_2D</Filter>
    </ClInclude>
    <ClInclude Include="particle.h">
      <Filter>00_Code\02_Object\01_3D</Filter>
    </ClInclude>
    <ClInclude Include="alternate_move_wall.h">
      <Filter>00_Code\02_Object\01_3D\01_Gimmick</Filter>
    </ClInclude>
    <ClInclude Include="ranking.h">
      <Filter>00_Code\00_Main\01_Mode\02_RANKING</Filter>
    </ClInclude>
    <ClInclude Include="ranking_rogo.h">
      <Filter>00_Code\00_Main\01_Mode\02_RANKING</Filter>
    </ClInclude>
    <ClInclude Include="push_move_wall.h" />
    <ClInclude Include="pause.h">
      <Filter>00_Code\00_Main\01_Mode\00_PAUSE</Filter>
    </ClInclude>
    <ClInclude Include="pause_logo.h">
      <Filter>00_Code\00_Main\01_Mode\00_PAUSE</Filter>
    </ClInclude>
    <ClInclude Include="tutorial.h" />
    <ClInclude Include="title_logo.h">
      <Filter>00_Code\00_Main\01_Mode\01_TITLE</Filter>
    </ClInclude>
    <ClInclude Include="pause_quit.h">
      <Filter>00_Code\00_Main\01_Mode\00_PAUSE</Filter>
    </ClInclude>
    <ClInclude Include="pause_menu.h">
      <Filter>00_Code\00_Main\01_Mode\00_PAUSE</Filter>
    </ClInclude>
  </ItemGroup>
  <ItemGroup>
    <Filter Include="00_Code">
      <UniqueIdentifier>{f1f87acd-9818-4c99-97d5-54ae54c1c6c9}</UniqueIdentifier>
    </Filter>
    <Filter Include="00_Code\00_Main">
      <UniqueIdentifier>{388a96ed-7995-4cde-bf47-a56b5ad7da09}</UniqueIdentifier>
    </Filter>
    <Filter Include="00_Code\01_Input">
      <UniqueIdentifier>{b3005089-dc57-4a61-b48f-04d188ed6f85}</UniqueIdentifier>
    </Filter>
    <Filter Include="00_Code\02_Object">
      <UniqueIdentifier>{dc2400f5-5992-4521-9008-4d2fbbe57262}</UniqueIdentifier>
    </Filter>
    <Filter Include="01_File">
      <UniqueIdentifier>{a7e1dd13-f950-449e-a754-4dc60f575870}</UniqueIdentifier>
    </Filter>
    <Filter Include="00_Code\00_Main\00_Main">
      <UniqueIdentifier>{d7d71559-c9ec-488f-b4cc-145b2829bf9b}</UniqueIdentifier>
    </Filter>
    <Filter Include="00_Code\00_Main\01_Mode">
      <UniqueIdentifier>{c0acd2e7-3167-43d8-b7ea-01969de3d64f}</UniqueIdentifier>
    </Filter>
    <Filter Include="00_Code\00_Main\02_OutSide">
      <UniqueIdentifier>{e03cd5eb-5223-4f11-b203-423adf78acc0}</UniqueIdentifier>
    </Filter>
    <Filter Include="00_Code\00_Main\03_3D">
      <UniqueIdentifier>{0694f25f-bbe7-415f-8386-fcc1e4791d10}</UniqueIdentifier>
    </Filter>
    <Filter Include="00_Code\02_Object\00_2D">
      <UniqueIdentifier>{eecc96f6-0853-4cd7-be6d-069c510c1a57}</UniqueIdentifier>
    </Filter>
    <Filter Include="00_Code\02_Object\01_3D">
      <UniqueIdentifier>{8f73dfe0-bb79-465c-af31-87b3bf8b31bc}</UniqueIdentifier>
    </Filter>
    <Filter Include="00_Code\02_Object\00_2D\00_Main">
      <UniqueIdentifier>{9bab21f2-63d7-4cd2-a9c2-ca9c2dc718d7}</UniqueIdentifier>
    </Filter>
    <Filter Include="00_Code\02_Object\01_3D\00_Main">
      <UniqueIdentifier>{7a257e2d-ffc6-434b-9661-7a4ea7462d2b}</UniqueIdentifier>
    </Filter>
    <Filter Include="00_Code\02_Object\01_3D\01_Gimmick">
      <UniqueIdentifier>{09bc6039-398b-4b2e-8d42-dc4ee5570a01}</UniqueIdentifier>
    </Filter>
    <Filter Include="00_Code\02_Object\01_3D\00_Main\00_Motion">
      <UniqueIdentifier>{0a28c837-6579-4a87-aac5-89ec10835d9e}</UniqueIdentifier>
    </Filter>
    <Filter Include="00_Code\00_Main\01_Mode\00_PAUSE">
      <UniqueIdentifier>{cf9006d2-b557-4639-a7ba-95cddacd18dc}</UniqueIdentifier>
    </Filter>
    <Filter Include="00_Code\00_Main\01_Mode\02_RANKING">
      <UniqueIdentifier>{e0758835-cbc9-4c5c-a890-a1c7baffde97}</UniqueIdentifier>
    </Filter>
    <Filter Include="00_Code\00_Main\01_Mode\01_TITLE">
      <UniqueIdentifier>{0909a915-ca1d-48b0-a674-139b622055ba}</UniqueIdentifier>
    </Filter>
  </ItemGroup>
  <ItemGroup>
    <None Include="Data\FILE\model.json">
      <Filter>01_File</Filter>
    </None>
    <None Include="Data\FILE\texture.json">
      <Filter>01_File</Filter>
    </None>
  </ItemGroup>
</Project>